
Microsoft Visual Studio Solution File, Format Version 12.00
# Visual Studio Version 17
VisualStudioVersion = 17.7.34009.444
MinimumVisualStudioVersion = 10.0.40219.1
Project("{FAE04EC0-301F-11D3-BF4B-00C04F79EFBC}") = "CodeFirstNewDatabaseSample", "CodeFirstNewDatabaseSample\CodeFirstNewDatabaseSample.csproj", "{A64AE2B1-E869-4EA6-8288-D6190C1EB60F}"
EndProject
Global
	GlobalSection(SolutionConfigurationPlatforms) = preSolution
		Debug|Any CPU = Debug|Any CPU
		Release|Any CPU = Release|Any CPU
	EndGlobalSection
	GlobalSection(ProjectConfigurationPlatforms) = postSolution
		{A64AE2B1-E869-4EA6-8288-D6190C1EB60F}.Debug|Any CPU.ActiveCfg = Debug|Any CPU
		{A64AE2B1-E869-4EA6-8288-D6190C1EB60F}.Debug|Any CPU.Build.0 = Debug|Any CPU
		{A64AE2B1-E869-4EA6-8288-D6190C1EB60F}.Release|Any CPU.ActiveCfg = Release|Any CPU
		{A64AE2B1-E869-4EA6-8288-D6190C1EB60F}.Release|Any CPU.Build.0 = Release|Any CPU
	EndGlobalSection
	GlobalSection(SolutionProperties) = preSolution
		HideSolutionNode = FALSE
	EndGlobalSection
	GlobalSection(ExtensibilityGlobals) = postSolution
		SolutionGuid = {AA3D30B6-DFD8-43A2-8DD2-D9FA51F92A41}
	EndGlobalSection
EndGlobal
